
Microsoft Visual Studio Solution File, Format Version 12.00
# Visual Studio Version 17
VisualStudioVersion = 17.5.002.0
MinimumVisualStudioVersion = 10.0.40219.1
Project("{9A19103F-16F7-4668-BE54-9A1E7A4F7556}") = "PepperDashEssentials", "PepperDashEssentials.csproj", "{F89F2F51-685A-4F15-A965-5B97ABA7DA15}"
EndProject
Global
	GlobalSection(SolutionConfigurationPlatforms) = preSolution
		Debug|Any CPU = Debug|Any CPU
		Release|Any CPU = Release|Any CPU
	EndGlobalSection
	GlobalSection(ProjectConfigurationPlatforms) = postSolution
		{F89F2F51-685A-4F15-A965-5B97ABA7DA15}.Debug|Any CPU.ActiveCfg = Debug|Any CPU
		{F89F2F51-685A-4F15-A965-5B97ABA7DA15}.Debug|Any CPU.Build.0 = Debug|Any CPU
		{F89F2F51-685A-4F15-A965-5B97ABA7DA15}.Release|Any CPU.ActiveCfg = Release|Any CPU
		{F89F2F51-685A-4F15-A965-5B97ABA7DA15}.Release|Any CPU.Build.0 = Release|Any CPU
	EndGlobalSection
	GlobalSection(SolutionProperties) = preSolution
		HideSolutionNode = FALSE
	EndGlobalSection
	GlobalSection(ExtensibilityGlobals) = postSolution
		SolutionGuid = {6530C213-5DC5-45EB-8818-44EFDDD41371}
	EndGlobalSection
EndGlobal
